
Microsoft Visual Studio Solution File, Format Version 11.00
# Visual Studio 2010
Project("{FAE04EC0-301F-11D3-BF4B-00C04F79EFBC}") = "Assembly-CSharp", "Assembly-CSharp.csproj", "{07396e8c-c47d-5e2f-2f58-cb53f47695fc}"
EndProject
Project("{FAE04EC0-301F-11D3-BF4B-00C04F79EFBC}") = "Assembly-CSharp-Editor", "Assembly-CSharp-Editor.csproj", "{82ccffe0-a664-b87c-9f52-8b76ddcf203a}"
EndProject
Global
	GlobalSection(SolutionConfigurationPlatforms) = preSolution
		Debug|Any CPU = Debug|Any CPU
	EndGlobalSection
	GlobalSection(ProjectConfigurationPlatforms) = postSolution
		{07396e8c-c47d-5e2f-2f58-cb53f47695fc}.Debug|Any CPU.ActiveCfg = Debug|Any CPU
		{07396e8c-c47d-5e2f-2f58-cb53f47695fc}.Debug|Any CPU.Build.0 = Debug|Any CPU
		{82ccffe0-a664-b87c-9f52-8b76ddcf203a}.Debug|Any CPU.ActiveCfg = Debug|Any CPU
		{82ccffe0-a664-b87c-9f52-8b76ddcf203a}.Debug|Any CPU.Build.0 = Debug|Any CPU
	EndGlobalSection
	GlobalSection(SolutionProperties) = preSolution
		HideSolutionNode = FALSE
	EndGlobalSection
EndGlobal
